
Microsoft Visual Studio Solution File, Format Version 12.00
# Visual Studio 14
VisualStudioVersion = 14.0.24720.0
MinimumVisualStudioVersion = 10.0.40219.1
Project("{FAE04EC0-301F-11D3-BF4B-00C04F79EFBC}") = "KnapsackProblem.BFvsHeuristics", "KnapsackProblem.BFvsHeuristics\KnapsackProblem.BFvsHeuristics.csproj", "{F1874205-A569-4348-9791-898A2F161DEF}"
EndProject
Project("{FAE04EC0-301F-11D3-BF4B-00C04F79EFBC}") = "KnapsackProblem.Common", "KnapsackProblem.Common\KnapsackProblem.Common.csproj", "{D69E0ECC-70C5-41C3-ABBA-E4F385E6982A}"
EndProject
Project("{FAE04EC0-301F-11D3-BF4B-00C04F79EFBC}") = "KnapsackProblem.DynamicPrgVsFPTAS", "KnapsackProblem.DynamicPrgVsFPTAS\KnapsackProblem.DynamicPrgVsFPTAS.csproj", "{0BBDCED6-5D5A-40D1-B17A-43183A95CEAF}"
EndProject
Project("{FAE04EC0-301F-11D3-BF4B-00C04F79EFBC}") = "KnapsackProblem.KnapsackGenerator", "KnapsackProblem.KnapsackGenerator\KnapsackProblem.KnapsackGenerator.csproj", "{509B15DB-C2C0-4274-995B-19F6DE716DA5}"
EndProject
Project("{FAE04EC0-301F-11D3-BF4B-00C04F79EFBC}") = "KnapsackProblem.SimulatedEvolution", "KnapsackProblem.SimulatedEvolution\KnapsackProblem.SimulatedEvolution.csproj", "{866D9121-78DE-4D3B-8D77-6596A11BC5C0}"
EndProject
Global
	GlobalSection(SolutionConfigurationPlatforms) = preSolution
		Debug|Any CPU = Debug|Any CPU
		Release|Any CPU = Release|Any CPU
	EndGlobalSection
	GlobalSection(ProjectConfigurationPlatforms) = postSolution
		{F1874205-A569-4348-9791-898A2F161DEF}.Debug|Any CPU.ActiveCfg = Debug|Any CPU
		{F1874205-A569-4348-9791-898A2F161DEF}.Debug|Any CPU.Build.0 = Debug|Any CPU
		{F1874205-A569-4348-9791-898A2F161DEF}.Release|Any CPU.ActiveCfg = Release|Any CPU
		{F1874205-A569-4348-9791-898A2F161DEF}.Release|Any CPU.Build.0 = Release|Any CPU
		{D69E0ECC-70C5-41C3-ABBA-E4F385E6982A}.Debug|Any CPU.ActiveCfg = Debug|Any CPU
		{D69E0ECC-70C5-41C3-ABBA-E4F385E6982A}.Debug|Any CPU.Build.0 = Debug|Any CPU
		{D69E0ECC-70C5-41C3-ABBA-E4F385E6982A}.Release|Any CPU.ActiveCfg = Release|Any CPU
		{D69E0ECC-70C5-41C3-ABBA-E4F385E6982A}.Release|Any CPU.Build.0 = Release|Any CPU
		{0BBDCED6-5D5A-40D1-B17A-43183A95CEAF}.Debug|Any CPU.ActiveCfg = Debug|Any CPU
		{0BBDCED6-5D5A-40D1-B17A-43183A95CEAF}.Debug|Any CPU.Build.0 = Debug|Any CPU
		{0BBDCED6-5D5A-40D1-B17A-43183A95CEAF}.Release|Any CPU.ActiveCfg = Release|Any CPU
		{0BBDCED6-5D5A-40D1-B17A-43183A95CEAF}.Release|Any CPU.Build.0 = Release|Any CPU
		{509B15DB-C2C0-4274-995B-19F6DE716DA5}.Debug|Any CPU.ActiveCfg = Debug|Any CPU
		{509B15DB-C2C0-4274-995B-19F6DE716DA5}.Debug|Any CPU.Build.0 = Debug|Any CPU
		{509B15DB-C2C0-4274-995B-19F6DE716DA5}.Release|Any CPU.ActiveCfg = Release|Any CPU
		{509B15DB-C2C0-4274-995B-19F6DE716DA5}.Release|Any CPU.Build.0 = Release|Any CPU
		{866D9121-78DE-4D3B-8D77-6596A11BC5C0}.Debug|Any CPU.ActiveCfg = Debug|Any CPU
		{866D9121-78DE-4D3B-8D77-6596A11BC5C0}.Debug|Any CPU.Build.0 = Debug|Any CPU
		{866D9121-78DE-4D3B-8D77-6596A11BC5C0}.Release|Any CPU.ActiveCfg = Release|Any CPU
		{866D9121-78DE-4D3B-8D77-6596A11BC5C0}.Release|Any CPU.Build.0 = Release|Any CPU
	EndGlobalSection
	GlobalSection(SolutionProperties) = preSolution
		HideSolutionNode = FALSE
	EndGlobalSection
EndGlobal
